
Microsoft Visual Studio Solution File, Format Version 12.00
# Visual Studio Version 17
VisualStudioVersion = 17.0.31903.59
MinimumVisualStudioVersion = 10.0.40219.1
Project("{2150E333-8FDC-42A3-9474-1A3956D46DE8}") = "src", "src", "{A104879D-D180-4BD2-BE50-71BFA5EAB368}"
EndProject
Project("{FAE04EC0-301F-11D3-BF4B-00C04F79EFBC}") = "FactoryApp.WebApi", "src\FactoryApp.WebApi\FactoryApp.WebApi.csproj", "{863E3C89-71CA-4009-9FB8-CC5C076C58FA}"
EndProject
Global
	GlobalSection(SolutionConfigurationPlatforms) = preSolution
		Debug|Any CPU = Debug|Any CPU
		Release|Any CPU = Release|Any CPU
	EndGlobalSection
	GlobalSection(SolutionProperties) = preSolution
		HideSolutionNode = FALSE
	EndGlobalSection
	GlobalSection(ProjectConfigurationPlatforms) = postSolution
		{863E3C89-71CA-4009-9FB8-CC5C076C58FA}.Debug|Any CPU.ActiveCfg = Debug|Any CPU
		{863E3C89-71CA-4009-9FB8-CC5C076C58FA}.Debug|Any CPU.Build.0 = Debug|Any CPU
		{863E3C89-71CA-4009-9FB8-CC5C076C58FA}.Release|Any CPU.ActiveCfg = Release|Any CPU
		{863E3C89-71CA-4009-9FB8-CC5C076C58FA}.Release|Any CPU.Build.0 = Release|Any CPU
	EndGlobalSection
	GlobalSection(NestedProjects) = preSolution
		{863E3C89-71CA-4009-9FB8-CC5C076C58FA} = {A104879D-D180-4BD2-BE50-71BFA5EAB368}
	EndGlobalSection
EndGlobal
